
Microsoft Visual Studio Solution File, Format Version 12.00
# Visual Studio Version 17
VisualStudioVersion = 17.0.32014.148
MinimumVisualStudioVersion = 10.0.40219.1
Project("{E24C65DC-7377-472B-9ABA-BC803B73C61A}") = "AtelierForm", ".", "{45B19F5E-51D4-4D40-B730-A77FDC4B8544}"
	ProjectSection(WebsiteProperties) = preProject
		TargetFrameworkMoniker = ".NETFramework,Version%3Dv4.7"
		Debug.AspNetCompiler.VirtualPath = "/localhost_3717"
		Debug.AspNetCompiler.PhysicalPath = "..\AtelierForm\"
		Debug.AspNetCompiler.TargetPath = "PrecompiledWeb\localhost_3717\"
		Debug.AspNetCompiler.Updateable = "true"
		Debug.AspNetCompiler.ForceOverwrite = "true"
		Debug.AspNetCompiler.FixedNames = "false"
		Debug.AspNetCompiler.Debug = "True"
		Release.AspNetCompiler.VirtualPath = "/localhost_3717"
		Release.AspNetCompiler.PhysicalPath = "..\AtelierForm\"
		Release.AspNetCompiler.TargetPath = "PrecompiledWeb\localhost_3717\"
		Release.AspNetCompiler.Updateable = "true"
		Release.AspNetCompiler.ForceOverwrite = "true"
		Release.AspNetCompiler.FixedNames = "false"
		Release.AspNetCompiler.Debug = "False"
		VWDPort = "3717"
		SlnRelativePath = "..\AtelierForm\"
		DefaultWebSiteLanguage = "Visual C#"
	EndProjectSection
EndProject
Global
	GlobalSection(SolutionConfigurationPlatforms) = preSolution
		Debug|Any CPU = Debug|Any CPU
	EndGlobalSection
	GlobalSection(ProjectConfigurationPlatforms) = postSolution
		{45B19F5E-51D4-4D40-B730-A77FDC4B8544}.Debug|Any CPU.ActiveCfg = Debug|Any CPU
		{45B19F5E-51D4-4D40-B730-A77FDC4B8544}.Debug|Any CPU.Build.0 = Debug|Any CPU
	EndGlobalSection
	GlobalSection(SolutionProperties) = preSolution
		HideSolutionNode = FALSE
	EndGlobalSection
	GlobalSection(ExtensibilityGlobals) = postSolution
		SolutionGuid = {8CF29D57-C200-41AC-BB11-6C5FA57A25E6}
	EndGlobalSection
EndGlobal
